{
  "name": "hapi-seo",
  "version": "1.0.3",
  "lockfileVersion": 1,
  "requires": true,
  "dependencies": {
    "lodash": {
      "version": "4.17.15",
      "resolved": "https://registry.npmjs.org/lodash/-/lodash-4.17.15.tgz",
      "integrity": "sha512-8xOcRHvCjnocdS5cpwXQXVzmmh5e5+saE2QGoeQmbKmRS6J3VQppPOIt0MnmE+4xlZoumy0GPG0D0MVIQbNA1A=="
    },
    "mix-dash": {
      "version": "1.1.15",
      "resolved": "https://registry.npmjs.org/mix-dash/-/mix-dash-1.1.15.tgz",
      "integrity": "sha512-x3ahq6AqAVYETECMLGzwyhoAo2cv5eJZ6NGIn76VtfpyNDGf1zxnT8CNs+8M1HZl74iOY4woBp3lS4t86TUOlg==",
      "requires": {
        "lodash": "^4.17.15"
      }
    }
  }
}
